
Microsoft Visual Studio Solution File, Format Version 12.00
# Visual Studio Version 16
VisualStudioVersion = 16.0.31410.357
MinimumVisualStudioVersion = 10.0.40219.1
Project("{FAE04EC0-301F-11D3-BF4B-00C04F79EFBC}") = "multithreading Dawid Ruth 58411", "multithreading Dawid Ruth 58411\multithreading Dawid Ruth 58411.csproj", "{8F2A0BFF-6EEA-4E3F-B9A3-368FDB63ECFE}"
EndProject
Global
	GlobalSection(SolutionConfigurationPlatforms) = preSolution
		Debug|Any CPU = Debug|Any CPU
		Release|Any CPU = Release|Any CPU
	EndGlobalSection
	GlobalSection(ProjectConfigurationPlatforms) = postSolution
		{8F2A0BFF-6EEA-4E3F-B9A3-368FDB63ECFE}.Debug|Any CPU.ActiveCfg = Debug|Any CPU
		{8F2A0BFF-6EEA-4E3F-B9A3-368FDB63ECFE}.Debug|Any CPU.Build.0 = Debug|Any CPU
		{8F2A0BFF-6EEA-4E3F-B9A3-368FDB63ECFE}.Release|Any CPU.ActiveCfg = Release|Any CPU
		{8F2A0BFF-6EEA-4E3F-B9A3-368FDB63ECFE}.Release|Any CPU.Build.0 = Release|Any CPU
	EndGlobalSection
	GlobalSection(SolutionProperties) = preSolution
		HideSolutionNode = FALSE
	EndGlobalSection
	GlobalSection(ExtensibilityGlobals) = postSolution
		SolutionGuid = {9416F111-28AC-4C49-9C01-2B30936FBF99}
	EndGlobalSection
EndGlobal
